// !$*UTF8*$!
{
	archiveVersion = 1;
	classes = {
	};
	objectVersion = 46;
	objects = {

/* Begin PBXBuildFile section */
		FC117A8F1AF582E900B28C50 /* Event.m in Sources */ = {isa = PBXBuildFile; fileRef = FC117A8A1AF582E900B28C50 /* Event.m */; };
		FC117A901AF582E900B28C50 /* ImportantEventRow.m in Sources */ = {isa = PBXBuildFile; fileRef = FC117A8C1AF582E900B28C50 /* ImportantEventRow.m */; };
		FC117A911AF582E900B28C50 /* OrdinaryEventRow.m in Sources */ = {isa = PBXBuildFile; fileRef = FC117A8E1AF582E900B28C50 /* OrdinaryEventRow.m */; };
		FC117AD11AF584CC00B28C50 /* HomeInterfaceController.m in Sources */ = {isa = PBXBuildFile; fileRef = FC117AD01AF584CC00B28C50 /* HomeInterfaceController.m */; };
		FC117AD41AF584CC00B28C50 /* NotificationController.m in Sources */ = {isa = PBXBuildFile; fileRef = FC117AD31AF584CC00B28C50 /* NotificationController.m */; };
		FC117AD71AF584CC00B28C50 /* GlanceController.m in Sources */ = {isa = PBXBuildFile; fileRef = FC117AD61AF584CC00B28C50 /* GlanceController.m */; };
		FC117AD91AF584CC00B28C50 /* Images.xcassets in Resources */ = {isa = PBXBuildFile; fileRef = FC117AD81AF584CC00B28C50 /* Images.xcassets */; };
		FC117ADD1AF584CC00B28C50 /* Events WatchKit App.app in Resources */ = {isa = PBXBuildFile; fileRef = FC117ADC1AF584CC00B28C50 /* Events WatchKit App.app */; };
		FC117AE51AF584CC00B28C50 /* Interface.storyboard in Resources */ = {isa = PBXBuildFile; fileRef = FC117AE31AF584CC00B28C50 /* Interface.storyboard */; };
		FC117AE71AF584CC00B28C50 /* Images.xcassets in Resources */ = {isa = PBXBuildFile; fileRef = FC117AE61AF584CC00B28C50 /* Images.xcassets */; };
		FC117AEA1AF584CC00B28C50 /* Events WatchKit Extension.appex in Embed App Extensions */ = {isa = PBXBuildFile; fileRef = FC117ACA1AF584CC00B28C50 /* Events WatchKit Extension.appex */; settings = {ATTRIBUTES = (RemoveHeadersOnCopy, ); }; };
		FC117AF21AF5891500B28C50 /* ImportantEventRow.m in Sources */ = {isa = PBXBuildFile; fileRef = FC117A8C1AF582E900B28C50 /* ImportantEventRow.m */; };
		FC117AF31AF5893000B28C50 /* Event.m in Sources */ = {isa = PBXBuildFile; fileRef = FC117A8A1AF582E900B28C50 /* Event.m */; };
		FC117AF41AF5893F00B28C50 /* OrdinaryEventRow.m in Sources */ = {isa = PBXBuildFile; fileRef = FC117A8E1AF582E900B28C50 /* OrdinaryEventRow.m */; };
		FC117AF61AF589BA00B28C50 /* events.plist in Resources */ = {isa = PBXBuildFile; fileRef = FCCDDDB81AF52E13001B6967 /* events.plist */; };
		FC67DE611AF6689000F919CB /* EventUtil.m in Sources */ = {isa = PBXBuildFile; fileRef = FC67DE601AF6689000F919CB /* EventUtil.m */; };
		FCCAD6AC1AF00CD400747332 /* main.m in Sources */ = {isa = PBXBuildFile; fileRef = FCCAD6AB1AF00CD400747332 /* main.m */; };
		FCCAD6AF1AF00CD400747332 /* EventsAppDelegate.m in Sources */ = {isa = PBXBuildFile; fileRef = FCCAD6AE1AF00CD400747332 /* EventsAppDelegate.m */; };
		FCCAD6B21AF00CD400747332 /* EventMainViewController.m in Sources */ = {isa = PBXBuildFile; fileRef = FCCAD6B11AF00CD400747332 /* EventMainViewController.m */; };
		FCCAD6B51AF00CD400747332 /* Main.storyboard in Resources */ = {isa = PBXBuildFile; fileRef = FCCAD6B31AF00CD400747332 /* Main.storyboard */; };
		FCCAD6B71AF00CD400747332 /* Images.xcassets in Resources */ = {isa = PBXBuildFile; fileRef = FCCAD6B61AF00CD400747332 /* Images.xcassets */; };
		FCCAD6BA1AF00CD400747332 /* LaunchScreen.xib in Resources */ = {isa = PBXBuildFile; fileRef = FCCAD6B81AF00CD400747332 /* LaunchScreen.xib */; };
		FCCAD6C61AF00CD400747332 /* EventsTests.m in Sources */ = {isa = PBXBuildFile; fileRef = FCCAD6C51AF00CD400747332 /* EventsTests.m */; };
		FCCDDDB21AF52310001B6967 /* EventTableViewController.m in Sources */ = {isa = PBXBuildFile; fileRef = FCCDDDB11AF52310001B6967 /* EventTableViewController.m */; };
		FCCDDDB51AF52580001B6967 /* EventTableViewCell.m in Sources */ = {isa = PBXBuildFile; fileRef = FCCDDDB41AF52580001B6967 /* EventTableViewCell.m */; };
		FCCDDDB91AF52E13001B6967 /* events.plist in Resources */ = {isa = PBXBuildFile; fileRef = FCCDDDB81AF52E13001B6967 /* events.plist */; };
		FCCDDDC01AF537D4001B6967 /* Appearance.m in Sources */ = {isa = PBXBuildFile; fileRef = FCCDDDBF1AF537D4001B6967 /* Appearance.m */; };
/* End PBXBuildFile section */

/* Begin PBXContainerItemProxy section */
		FC117ADE1AF584CC00B28C50 /* PBXContainerItemProxy */ = {
			isa = PBXContainerItemProxy;
			containerPortal = FCCAD69E1AF00CD300747332 /* Project object */;
			proxyType = 1;
			remoteGlobalIDString = FC117ADB1AF584CC00B28C50;
			remoteInfo = "Events WatchKit App";
		};
		FC117AE81AF584CC00B28C50 /* PBXContainerItemProxy */ = {
			isa = PBXContainerItemProxy;
			containerPortal = FCCAD69E1AF00CD300747332 /* Project object */;
			proxyType = 1;
			remoteGlobalIDString = FC117AC91AF584CC00B28C50;
			remoteInfo = "Events WatchKit Extension";
		};
		FCCAD6C01AF00CD400747332 /* PBXContainerItemProxy */ = {
			isa = PBXContainerItemProxy;
			containerPortal = FCCAD69E1AF00CD300747332 /* Project object */;
			proxyType = 1;
			remoteGlobalIDString = FCCAD6A51AF00CD300747332;
			remoteInfo = Events;
		};
/* End PBXContainerItemProxy section */

/* Begin PBXCopyFilesBuildPhase section */
		FC117ABD1AF583BC00B28C50 /* Embed App Extensions */ = {
			isa = PBXCopyFilesBuildPhase;
			buildActionMask = 2147483647;
			dstPath = "";
			dstSubfolderSpec = 13;
			files = (
				FC117AEA1AF584CC00B28C50 /* Events WatchKit Extension.appex in Embed App Extensions */,
			);
			name = "Embed App Extensions";
			runOnlyForDeploymentPostprocessing = 0;
		};
		FCCAD6FA1AF010DB00747332 /* Embed App Extensions */ = {
			isa = PBXCopyFilesBuildPhase;
			buildActionMask = 2147483647;
			dstPath = "";
			dstSubfolderSpec = 10;
			files = (
			);
			name = "Embed App Extensions";
			runOnlyForDeploymentPostprocessing = 0;
		};
/* End PBXCopyFilesBuildPhase section */

/* Begin PBXFileReference section */
		FC117A891AF582E900B28C50 /* Event.h */ = {isa = PBXFileReference; fileEncoding = 4; lastKnownFileType = sourcecode.c.h; path = Event.h; sourceTree = "<group>"; };
		FC117A8A1AF582E900B28C50 /* Event.m */ = {isa = PBXFileReference; fileEncoding = 4; lastKnownFileType = sourcecode.c.objc; path = Event.m; sourceTree = "<group>"; };
		FC117A8B1AF582E900B28C50 /* ImportantEventRow.h */ = {isa = PBXFileReference; fileEncoding = 4; lastKnownFileType = sourcecode.c.h; path = ImportantEventRow.h; sourceTree = "<group>"; };
		FC117A8C1AF582E900B28C50 /* ImportantEventRow.m */ = {isa = PBXFileReference; fileEncoding = 4; lastKnownFileType = sourcecode.c.objc; path = ImportantEventRow.m; sourceTree = "<group>"; };
		FC117A8D1AF582E900B28C50 /* OrdinaryEventRow.h */ = {isa = PBXFileReference; fileEncoding = 4; lastKnownFileType = sourcecode.c.h; path = OrdinaryEventRow.h; sourceTree = "<group>"; };
		FC117A8E1AF582E900B28C50 /* OrdinaryEventRow.m */ = {isa = PBXFileReference; fileEncoding = 4; lastKnownFileType = sourcecode.c.objc; path = OrdinaryEventRow.m; sourceTree = "<group>"; };
		FC117ACA1AF584CC00B28C50 /* Events WatchKit Extension.appex */ = {isa = PBXFileReference; explicitFileType = "wrapper.app-extension"; includeInIndex = 0; path = "Events WatchKit Extension.appex"; sourceTree = BUILT_PRODUCTS_DIR; };
		FC117ACD1AF584CC00B28C50 /* Info.plist */ = {isa = PBXFileReference; lastKnownFileType = text.plist.xml; path = Info.plist; sourceTree = "<group>"; };
		FC117ACE1AF584CC00B28C50 /* PushNotificationPayload.apns */ = {isa = PBXFileReference; lastKnownFileType = text; path = PushNotificationPayload.apns; sourceTree = "<group>"; };
		FC117ACF1AF584CC00B28C50 /* HomeInterfaceController.h */ = {isa = PBXFileReference; lastKnownFileType = sourcecode.c.h; path = HomeInterfaceController.h; sourceTree = "<group>"; };
		FC117AD01AF584CC00B28C50 /* HomeInterfaceController.m */ = {isa = PBXFileReference; lastKnownFileType = sourcecode.c.objc; path = HomeInterfaceController.m; sourceTree = "<group>"; };
		FC117AD21AF584CC00B28C50 /* NotificationController.h */ = {isa = PBXFileReference; lastKnownFileType = sourcecode.c.h; path = NotificationController.h; sourceTree = "<group>"; };
		FC117AD31AF584CC00B28C50 /* NotificationController.m */ = {isa = PBXFileReference; lastKnownFileType = sourcecode.c.objc; path = NotificationController.m; sourceTree = "<group>"; };
		FC117AD51AF584CC00B28C50 /* GlanceController.h */ = {isa = PBXFileReference; lastKnownFileType = sourcecode.c.h; path = GlanceController.h; sourceTree = "<group>"; };
		FC117AD61AF584CC00B28C50 /* GlanceController.m */ = {isa = PBXFileReference; lastKnownFileType = sourcecode.c.objc; path = GlanceController.m; sourceTree = "<group>"; };
		FC117AD81AF584CC00B28C50 /* Images.xcassets */ = {isa = PBXFileReference; lastKnownFileType = folder.assetcatalog; path = Images.xcassets; sourceTree = "<group>"; };
		FC117ADC1AF584CC00B28C50 /* Events WatchKit App.app */ = {isa = PBXFileReference; explicitFileType = wrapper.application; includeInIndex = 0; path = "Events WatchKit App.app"; sourceTree = BUILT_PRODUCTS_DIR; };
		FC117AE21AF584CC00B28C50 /* Info.plist */ = {isa = PBXFileReference; lastKnownFileType = text.plist.xml; path = Info.plist; sourceTree = "<group>"; };
		FC117AE41AF584CC00B28C50 /* Base */ = {isa = PBXFileReference; lastKnownFileType = file.storyboard; name = Base; path = Base.lproj/Interface.storyboard; sourceTree = "<group>"; };
		FC117AE61AF584CC00B28C50 /* Images.xcassets */ = {isa = PBXFileReference; lastKnownFileType = folder.assetcatalog; path = Images.xcassets; sourceTree = "<group>"; };
		FC117AF71AF5AB4C00B28C50 /* Events WatchKit Extension.entitlements */ = {isa = PBXFileReference; lastKnownFileType = text.xml; path = "Events WatchKit Extension.entitlements"; sourceTree = "<group>"; };
		FC67DE5F1AF6689000F919CB /* EventUtil.h */ = {isa = PBXFileReference; fileEncoding = 4; lastKnownFileType = sourcecode.c.h; path = EventUtil.h; sourceTree = "<group>"; };
		FC67DE601AF6689000F919CB /* EventUtil.m */ = {isa = PBXFileReference; fileEncoding = 4; lastKnownFileType = sourcecode.c.objc; path = EventUtil.m; sourceTree = "<group>"; };
		FC838CE21AF3CFE100B19E3A /* Events.entitlements */ = {isa = PBXFileReference; lastKnownFileType = text.xml; path = Events.entitlements; sourceTree = "<group>"; };
		FCCAD6A61AF00CD400747332 /* Events.app */ = {isa = PBXFileReference; explicitFileType = wrapper.application; includeInIndex = 0; path = Events.app; sourceTree = BUILT_PRODUCTS_DIR; };
		FCCAD6AA1AF00CD400747332 /* Info.plist */ = {isa = PBXFileReference; lastKnownFileType = text.plist.xml; path = Info.plist; sourceTree = "<group>"; };
		FCCAD6AB1AF00CD400747332 /* main.m */ = {isa = PBXFileReference; lastKnownFileType = sourcecode.c.objc; path = main.m; sourceTree = "<group>"; };
		FCCAD6AD1AF00CD400747332 /* EventsAppDelegate.h */ = {isa = PBXFileReference; lastKnownFileType = sourcecode.c.h; path = EventsAppDelegate.h; sourceTree = "<group>"; };
		FCCAD6AE1AF00CD400747332 /* EventsAppDelegate.m */ = {isa = PBXFileReference; lastKnownFileType = sourcecode.c.objc; path = EventsAppDelegate.m; sourceTree = "<group>"; };
		FCCAD6B01AF00CD400747332 /* EventMainViewController.h */ = {isa = PBXFileReference; lastKnownFileType = sourcecode.c.h; path = EventMainViewController.h; sourceTree = "<group>"; };
		FCCAD6B11AF00CD400747332 /* EventMainViewController.m */ = {isa = PBXFileReference; lastKnownFileType = sourcecode.c.objc; path = EventMainViewController.m; sourceTree = "<group>"; };
		FCCAD6B41AF00CD400747332 /* Base */ = {isa = PBXFileReference; lastKnownFileType = file.storyboard; name = Base; path = Base.lproj/Main.storyboard; sourceTree = "<group>"; };
		FCCAD6B61AF00CD400747332 /* Images.xcassets */ = {isa = PBXFileReference; lastKnownFileType = folder.assetcatalog; path = Images.xcassets; sourceTree = "<group>"; };
		FCCAD6B91AF00CD400747332 /* Base */ = {isa = PBXFileReference; lastKnownFileType = file.xib; name = Base; path = Base.lproj/LaunchScreen.xib; sourceTree = "<group>"; };
		FCCAD6BF1AF00CD400747332 /* EventsTests.xctest */ = {isa = PBXFileReference; explicitFileType = wrapper.cfbundle; includeInIndex = 0; path = EventsTests.xctest; sourceTree = BUILT_PRODUCTS_DIR; };
		FCCAD6C41AF00CD400747332 /* Info.plist */ = {isa = PBXFileReference; lastKnownFileType = text.plist.xml; path = Info.plist; sourceTree = "<group>"; };
		FCCAD6C51AF00CD400747332 /* EventsTests.m */ = {isa = PBXFileReference; lastKnownFileType = sourcecode.c.objc; path = EventsTests.m; sourceTree = "<group>"; };
		FCCDDDB01AF52310001B6967 /* EventTableViewController.h */ = {isa = PBXFileReference; fileEncoding = 4; lastKnownFileType = sourcecode.c.h; path = EventTableViewController.h; sourceTree = "<group>"; };
		FCCDDDB11AF52310001B6967 /* EventTableViewController.m */ = {isa = PBXFileReference; fileEncoding = 4; lastKnownFileType = sourcecode.c.objc; path = EventTableViewController.m; sourceTree = "<group>"; };
		FCCDDDB31AF52580001B6967 /* EventTableViewCell.h */ = {isa = PBXFileReference; fileEncoding = 4; lastKnownFileType = sourcecode.c.h; name = EventTableViewCell.h; path = "Custom Cells/EventTableViewCell.h"; sourceTree = "<group>"; };
		FCCDDDB41AF52580001B6967 /* EventTableViewCell.m */ = {isa = PBXFileReference; fileEncoding = 4; lastKnownFileType = sourcecode.c.objc; name = EventTableViewCell.m; path = "Custom Cells/EventTableViewCell.m"; sourceTree = "<group>"; };
		FCCDDDB81AF52E13001B6967 /* events.plist */ = {isa = PBXFileReference; fileEncoding = 4; lastKnownFileType = text.plist.xml; path = events.plist; sourceTree = "<group>"; };
		FCCDDDBE1AF537D4001B6967 /* Appearance.h */ = {isa = PBXFileReference; fileEncoding = 4; lastKnownFileType = sourcecode.c.h; path = Appearance.h; sourceTree = "<group>"; };
		FCCDDDBF1AF537D4001B6967 /* Appearance.m */ = {isa = PBXFileReference; fileEncoding = 4; lastKnownFileType = sourcecode.c.objc; path = Appearance.m; sourceTree = "<group>"; };
		FCCDDDC11AF53906001B6967 /* Events-Prefix.pch */ = {isa = PBXFileReference; fileEncoding = 4; lastKnownFileType = sourcecode.c.h; path = "Events-Prefix.pch"; sourceTree = "<group>"; };
/* End PBXFileReference section */

/* Begin PBXFrameworksBuildPhase section */
		FC117AC71AF584CC00B28C50 /* Frameworks */ = {
			isa = PBXFrameworksBuildPhase;
			buildActionMask = 2147483647;
			files = (
			);
			runOnlyForDeploymentPostprocessing = 0;
		};
		FCCAD6A31AF00CD300747332 /* Frameworks */ = {
			isa = PBXFrameworksBuildPhase;
			buildActionMask = 2147483647;
			files = (
			);
			runOnlyForDeploymentPostprocessing = 0;
		};
		FCCAD6BC1AF00CD400747332 /* Frameworks */ = {
			isa = PBXFrameworksBuildPhase;
			buildActionMask = 2147483647;
			files = (
			);
			runOnlyForDeploymentPostprocessing = 0;
		};
/* End PBXFrameworksBuildPhase section */

/* Begin PBXGroup section */
		FC117ACB1AF584CC00B28C50 /* Events WatchKit Extension */ = {
			isa = PBXGroup;
			children = (
				FC117AF71AF5AB4C00B28C50 /* Events WatchKit Extension.entitlements */,
				FC117ACF1AF584CC00B28C50 /* HomeInterfaceController.h */,
				FC117AD01AF584CC00B28C50 /* HomeInterfaceController.m */,
				FC117AD21AF584CC00B28C50 /* NotificationController.h */,
				FC117AD31AF584CC00B28C50 /* NotificationController.m */,
				FC117AD51AF584CC00B28C50 /* GlanceController.h */,
				FC117AD61AF584CC00B28C50 /* GlanceController.m */,
				FC117AD81AF584CC00B28C50 /* Images.xcassets */,
				FC117ACC1AF584CC00B28C50 /* Supporting Files */,
			);
			path = "Events WatchKit Extension";
			sourceTree = "<group>";
		};
		FC117ACC1AF584CC00B28C50 /* Supporting Files */ = {
			isa = PBXGroup;
			children = (
				FC117ACD1AF584CC00B28C50 /* Info.plist */,
				FC117ACE1AF584CC00B28C50 /* PushNotificationPayload.apns */,
			);
			name = "Supporting Files";
			sourceTree = "<group>";
		};
		FC117AE01AF584CC00B28C50 /* Events WatchKit App */ = {
			isa = PBXGroup;
			children = (
				FC117AE31AF584CC00B28C50 /* Interface.storyboard */,
				FC117AE61AF584CC00B28C50 /* Images.xcassets */,
				FC117AE11AF584CC00B28C50 /* Supporting Files */,
			);
			path = "Events WatchKit App";
			sourceTree = "<group>";
		};
		FC117AE11AF584CC00B28C50 /* Supporting Files */ = {
			isa = PBXGroup;
			children = (
				FC117AE21AF584CC00B28C50 /* Info.plist */,
			);
			name = "Supporting Files";
			sourceTree = "<group>";
		};
		FC67DE621AF67CBB00F919CB /* Model */ = {
			isa = PBXGroup;
			children = (
				FC117A891AF582E900B28C50 /* Event.h */,
				FC117A8A1AF582E900B28C50 /* Event.m */,
				FC117A8B1AF582E900B28C50 /* ImportantEventRow.h */,
				FC117A8C1AF582E900B28C50 /* ImportantEventRow.m */,
				FC117A8D1AF582E900B28C50 /* OrdinaryEventRow.h */,
				FC117A8E1AF582E900B28C50 /* OrdinaryEventRow.m */,
			);
			name = Model;
			sourceTree = "<group>";
		};
		FC67DE631AF67D0200F919CB /* Controller */ = {
			isa = PBXGroup;
			children = (
				FCCAD6B01AF00CD400747332 /* EventMainViewController.h */,
				FCCAD6B11AF00CD400747332 /* EventMainViewController.m */,
				FCCDDDB01AF52310001B6967 /* EventTableViewController.h */,
				FCCDDDB11AF52310001B6967 /* EventTableViewController.m */,
			);
			name = Controller;
			sourceTree = "<group>";
		};
		FCCAD69D1AF00CD300747332 = {
			isa = PBXGroup;
			children = (
				FCCAD6A81AF00CD400747332 /* Events */,
				FCCAD6C21AF00CD400747332 /* EventsTests */,
				FC117ACB1AF584CC00B28C50 /* Events WatchKit Extension */,
				FC117AE01AF584CC00B28C50 /* Events WatchKit App */,
				FCCAD6A71AF00CD400747332 /* Products */,
			);
			sourceTree = "<group>";
		};
		FCCAD6A71AF00CD400747332 /* Products */ = {
			isa = PBXGroup;
			children = (
				FCCAD6A61AF00CD400747332 /* Events.app */,
				FCCAD6BF1AF00CD400747332 /* EventsTests.xctest */,
				FC117ACA1AF584CC00B28C50 /* Events WatchKit Extension.appex */,
				FC117ADC1AF584CC00B28C50 /* Events WatchKit App.app */,
			);
			name = Products;
			sourceTree = "<group>";
		};
		FCCAD6A81AF00CD400747332 /* Events */ = {
			isa = PBXGroup;
			children = (
				FC67DE631AF67D0200F919CB /* Controller */,
				FCCDDDB61AF52585001B6967 /* Custom Cell */,
				FC67DE621AF67CBB00F919CB /* Model */,
				FCCDDDBA1AF53625001B6967 /* Style */,
				FCCAD6B31AF00CD400747332 /* Main.storyboard */,
				FCCAD6B61AF00CD400747332 /* Images.xcassets */,
				FCCAD6B81AF00CD400747332 /* LaunchScreen.xib */,
				FCCAD6A91AF00CD400747332 /* Supporting Files */,
			);
			path = Events;
			sourceTree = "<group>";
		};
		FCCAD6A91AF00CD400747332 /* Supporting Files */ = {
			isa = PBXGroup;
			children = (
				FC838CE21AF3CFE100B19E3A /* Events.entitlements */,
				FCCAD6AD1AF00CD400747332 /* EventsAppDelegate.h */,
				FCCAD6AE1AF00CD400747332 /* EventsAppDelegate.m */,
				FCCDDDC11AF53906001B6967 /* Events-Prefix.pch */,
				FC67DE5F1AF6689000F919CB /* EventUtil.h */,
				FC67DE601AF6689000F919CB /* EventUtil.m */,
				FCCDDDB81AF52E13001B6967 /* events.plist */,
				FCCAD6AA1AF00CD400747332 /* Info.plist */,
				FCCAD6AB1AF00CD400747332 /* main.m */,
			);
			name = "Supporting Files";
			sourceTree = "<group>";
		};
		FCCAD6C21AF00CD400747332 /* EventsTests */ = {
			isa = PBXGroup;
			children = (
				FCCAD6C51AF00CD400747332 /* EventsTests.m */,
				FCCAD6C31AF00CD400747332 /* Supporting Files */,
			);
			path = EventsTests;
			sourceTree = "<group>";
		};
		FCCAD6C31AF00CD400747332 /* Supporting Files */ = {
			isa = PBXGroup;
			children = (
				FCCAD6C41AF00CD400747332 /* Info.plist */,
			);
			name = "Supporting Files";
			sourceTree = "<group>";
		};
		FCCDDDB61AF52585001B6967 /* Custom Cell */ = {
			isa = PBXGroup;
			children = (
				FCCDDDB31AF52580001B6967 /* EventTableViewCell.h */,
				FCCDDDB41AF52580001B6967 /* EventTableViewCell.m */,
			);
			name = "Custom Cell";
			sourceTree = "<group>";
		};
		FCCDDDBA1AF53625001B6967 /* Style */ = {
			isa = PBXGroup;
			children = (
				FCCDDDBE1AF537D4001B6967 /* Appearance.h */,
				FCCDDDBF1AF537D4001B6967 /* Appearance.m */,
			);
			name = Style;
			sourceTree = "<group>";
		};
/* End PBXGroup section */

/* Begin PBXNativeTarget section */
		FC117AC91AF584CC00B28C50 /* Events WatchKit Extension */ = {
			isa = PBXNativeTarget;
			buildConfigurationList = FC117AEE1AF584CC00B28C50 /* Build configuration list for PBXNativeTarget "Events WatchKit Extension" */;
			buildPhases = (
				FC117AC61AF584CC00B28C50 /* Sources */,
				FC117AC71AF584CC00B28C50 /* Frameworks */,
				FC117AC81AF584CC00B28C50 /* Resources */,
			);
			buildRules = (
			);
			dependencies = (
				FC117ADF1AF584CC00B28C50 /* PBXTargetDependency */,
			);
			name = "Events WatchKit Extension";
			productName = "Events WatchKit Extension";
			productReference = FC117ACA1AF584CC00B28C50 /* Events WatchKit Extension.appex */;
			productType = "com.apple.product-type.watchkit-extension";
		};
		FC117ADB1AF584CC00B28C50 /* Events WatchKit App */ = {
			isa = PBXNativeTarget;
			buildConfigurationList = FC117AEB1AF584CC00B28C50 /* Build configuration list for PBXNativeTarget "Events WatchKit App" */;
			buildPhases = (
				FC117ADA1AF584CC00B28C50 /* Resources */,
			);
			buildRules = (
			);
			dependencies = (
			);
			name = "Events WatchKit App";
			productName = "Events WatchKit App";
			productReference = FC117ADC1AF584CC00B28C50 /* Events WatchKit App.app */;
			productType = "com.apple.product-type.application.watchapp";
		};
		FCCAD6A51AF00CD300747332 /* Events */ = {
			isa = PBXNativeTarget;
			buildConfigurationList = FCCAD6C91AF00CD400747332 /* Build configuration list for PBXNativeTarget "Events" */;
			buildPhases = (
				FCCAD6A21AF00CD300747332 /* Sources */,
				FCCAD6A31AF00CD300747332 /* Frameworks */,
				FCCAD6A41AF00CD300747332 /* Resources */,
				FCCAD6FA1AF010DB00747332 /* Embed App Extensions */,
				FC117ABD1AF583BC00B28C50 /* Embed App Extensions */,
			);
			buildRules = (
			);
			dependencies = (
				FC117AE91AF584CC00B28C50 /* PBXTargetDependency */,
			);
			name = Events;
			productName = Events;
			productReference = FCCAD6A61AF00CD400747332 /* Events.app */;
			productType = "com.apple.product-type.application";
		};
		FCCAD6BE1AF00CD400747332 /* EventsTests */ = {
			isa = PBXNativeTarget;
			buildConfigurationList = FCCAD6CC1AF00CD400747332 /* Build configuration list for PBXNativeTarget "EventsTests" */;
			buildPhases = (
				FCCAD6BB1AF00CD400747332 /* Sources */,
				FCCAD6BC1AF00CD400747332 /* Frameworks */,
				FCCAD6BD1AF00CD400747332 /* Resources */,
			);
			buildRules = (
			);
			dependencies = (
				FCCAD6C11AF00CD400747332 /* PBXTargetDependency */,
			);
			name = EventsTests;
			productName = EventsTests;
			productReference = FCCAD6BF1AF00CD400747332 /* EventsTests.xctest */;
			productType = "com.apple.product-type.bundle.unit-test";
		};
/* End PBXNativeTarget section */

/* Begin PBXProject section */
		FCCAD69E1AF00CD300747332 /* Project object */ = {
			isa = PBXProject;
			attributes = {
				LastUpgradeCheck = 0620;
				ORGANIZATIONNAME = "Rahul Nadella";
				TargetAttributes = {
					FC117AC91AF584CC00B28C50 = {
						CreatedOnToolsVersion = 6.2;
						DevelopmentTeam = 3T9G834Z4J;
						SystemCapabilities = {
							com.apple.ApplicationGroups.iOS = {
								enabled = 1;
							};
						};
					};
					FC117ADB1AF584CC00B28C50 = {
						CreatedOnToolsVersion = 6.2;
					};
					FCCAD6A51AF00CD300747332 = {
						CreatedOnToolsVersion = 6.2;
						DevelopmentTeam = 3T9G834Z4J;
						SystemCapabilities = {
							com.apple.ApplicationGroups.iOS = {
								enabled = 1;
							};
						};
					};
					FCCAD6BE1AF00CD400747332 = {
						CreatedOnToolsVersion = 6.2;
						TestTargetID = FCCAD6A51AF00CD300747332;
					};
				};
			};
			buildConfigurationList = FCCAD6A11AF00CD300747332 /* Build configuration list for PBXProject "Events" */;
			compatibilityVersion = "Xcode 3.2";
			developmentRegion = English;
			hasScannedForEncodings = 0;
			knownRegions = (
				en,
				Base,
			);
			mainGroup = FCCAD69D1AF00CD300747332;
			productRefGroup = FCCAD6A71AF00CD400747332 /* Products */;
			projectDirPath = "";
			projectRoot = "";
			targets = (
				FCCAD6A51AF00CD300747332 /* Events */,
				FCCAD6BE1AF00CD400747332 /* EventsTests */,
				FC117AC91AF584CC00B28C50 /* Events WatchKit Extension */,
				FC117ADB1AF584CC00B28C50 /* Events WatchKit App */,
			);
		};
/* End PBXProject section */

/* Begin PBXResourcesBuildPhase section */
		FC117AC81AF584CC00B28C50 /* Resources */ = {
			isa = PBXResourcesBuildPhase;
			buildActionMask = 2147483647;
			files = (
				FC117AF61AF589BA00B28C50 /* events.plist in Resources */,
				FC117AD91AF584CC00B28C50 /* Images.xcassets in Resources */,
				FC117ADD1AF584CC00B28C50 /* Events WatchKit App.app in Resources */,
			);
			runOnlyForDeploymentPostprocessing = 0;
		};
		FC117ADA1AF584CC00B28C50 /* Resources */ = {
			isa = PBXResourcesBuildPhase;
			buildActionMask = 2147483647;
			files = (
				FC117AE51AF584CC00B28C50 /* Interface.storyboard in Resources */,
				FC117AE71AF584CC00B28C50 /* Images.xcassets in Resources */,
			);
			runOnlyForDeploymentPostprocessing = 0;
		};
		FCCAD6A41AF00CD300747332 /* Resources */ = {
			isa = PBXResourcesBuildPhase;
			buildActionMask = 2147483647;
			files = (
				FCCAD6B51AF00CD400747332 /* Main.storyboard in Resources */,
				FCCAD6BA1AF00CD400747332 /* LaunchScreen.xib in Resources */,
				FCCAD6B71AF00CD400747332 /* Images.xcassets in Resources */,
				FCCDDDB91AF52E13001B6967 /* events.plist in Resources */,
			);
			runOnlyForDeploymentPostprocessing = 0;
		};
		FCCAD6BD1AF00CD400747332 /* Resources */ = {
			isa = PBXResourcesBuildPhase;
			buildActionMask = 2147483647;
			files = (
			);
			runOnlyForDeploymentPostprocessing = 0;
		};
/* End PBXResourcesBuildPhase section */

/* Begin PBXSourcesBuildPhase section */
		FC117AC61AF584CC00B28C50 /* Sources */ = {
			isa = PBXSourcesBuildPhase;
			buildActionMask = 2147483647;
			files = (
				FC117AF41AF5893F00B28C50 /* OrdinaryEventRow.m in Sources */,
				FC117AF31AF5893000B28C50 /* Event.m in Sources */,
				FC117AF21AF5891500B28C50 /* ImportantEventRow.m in Sources */,
				FC117AD41AF584CC00B28C50 /* NotificationController.m in Sources */,
				FC117AD11AF584CC00B28C50 /* HomeInterfaceController.m in Sources */,
				FC117AD71AF584CC00B28C50 /* GlanceController.m in Sources */,
			);
			runOnlyForDeploymentPostprocessing = 0;
		};
		FCCAD6A21AF00CD300747332 /* Sources */ = {
			isa = PBXSourcesBuildPhase;
			buildActionMask = 2147483647;
			files = (
				FCCAD6B21AF00CD400747332 /* EventMainViewController.m in Sources */,
				FCCDDDC01AF537D4001B6967 /* Appearance.m in Sources */,
				FCCAD6AF1AF00CD400747332 /* EventsAppDelegate.m in Sources */,
				FCCDDDB21AF52310001B6967 /* EventTableViewController.m in Sources */,
				FC67DE611AF6689000F919CB /* EventUtil.m in Sources */,
				FC117A911AF582E900B28C50 /* OrdinaryEventRow.m in Sources */,
				FCCAD6AC1AF00CD400747332 /* main.m in Sources */,
				FCCDDDB51AF52580001B6967 /* EventTableViewCell.m in Sources */,
				FC117A901AF582E900B28C50 /* ImportantEventRow.m in Sources */,
				FC117A8F1AF582E900B28C50 /* Event.m in Sources */,
			);
			runOnlyForDeploymentPostprocessing = 0;
		};
		FCCAD6BB1AF00CD400747332 /* Sources */ = {
			isa = PBXSourcesBuildPhase;
			buildActionMask = 2147483647;
			files = (
				FCCAD6C61AF00CD400747332 /* EventsTests.m in Sources */,
			);
			runOnlyForDeploymentPostprocessing = 0;
		};
/* End PBXSourcesBuildPhase section */

/* Begin PBXTargetDependency section */
		FC117ADF1AF584CC00B28C50 /* PBXTargetDependency */ = {
			isa = PBXTargetDependency;
			target = FC117ADB1AF584CC00B28C50 /* Events WatchKit App */;
			targetProxy = FC117ADE1AF584CC00B28C50 /* PBXContainerItemProxy */;
		};
		FC117AE91AF584CC00B28C50 /* PBXTargetDependency */ = {
			isa = PBXTargetDependency;
			target = FC117AC91AF584CC00B28C50 /* Events WatchKit Extension */;
			targetProxy = FC117AE81AF584CC00B28C50 /* PBXContainerItemProxy */;
		};
		FCCAD6C11AF00CD400747332 /* PBXTargetDependency */ = {
			isa = PBXTargetDependency;
			target = FCCAD6A51AF00CD300747332 /* Events */;
			targetProxy = FCCAD6C01AF00CD400747332 /* PBXContainerItemProxy */;
		};
/* End PBXTargetDependency section */

/* Begin PBXVariantGroup section */
		FC117AE31AF584CC00B28C50 /* Interface.storyboard */ = {
			isa = PBXVariantGroup;
			children = (
				FC117AE41AF584CC00B28C50 /* Base */,
			);
			name = Interface.storyboard;
			sourceTree = "<group>";
		};
		FCCAD6B31AF00CD400747332 /* Main.storyboard */ = {
			isa = PBXVariantGroup;
			children = (
				FCCAD6B41AF00CD400747332 /* Base */,
			);
			name = Main.storyboard;
			sourceTree = "<group>";
		};
		FCCAD6B81AF00CD400747332 /* LaunchScreen.xib */ = {
			isa = PBXVariantGroup;
			children = (
				FCCAD6B91AF00CD400747332 /* Base */,
			);
			name = LaunchScreen.xib;
			sourceTree = "<group>";
		};
/* End PBXVariantGroup section */

/* Begin XCBuildConfiguration section */
		FC117AEC1AF584CC00B28C50 /* Debug */ = {
			isa = XCBuildConfiguration;
			buildSettings = {
				ASSETCATALOG_COMPILER_APPICON_NAME = AppIcon;
				GCC_PREPROCESSOR_DEFINITIONS = (
					"DEBUG=1",
					"$(inherited)",
				);
				IBSC_MODULE = Events_WatchKit_Extension;
				INFOPLIST_FILE = "Events WatchKit App/Info.plist";
				PRODUCT_NAME = "$(TARGET_NAME)";
				SKIP_INSTALL = YES;
				TARGETED_DEVICE_FAMILY = 4;
				"TARGETED_DEVICE_FAMILY[sdk=iphonesimulator*]" = "1,4";
			};
			name = Debug;
		};
		FC117AED1AF584CC00B28C50 /* Release */ = {
			isa = XCBuildConfiguration;
			buildSettings = {
				ASSETCATALOG_COMPILER_APPICON_NAME = AppIcon;
				IBSC_MODULE = Events_WatchKit_Extension;
				INFOPLIST_FILE = "Events WatchKit App/Info.plist";
				PRODUCT_NAME = "$(TARGET_NAME)";
				SKIP_INSTALL = YES;
				TARGETED_DEVICE_FAMILY = 4;
				"TARGETED_DEVICE_FAMILY[sdk=iphonesimulator*]" = "1,4";
			};
			name = Release;
		};
		FC117AEF1AF584CC00B28C50 /* Debug */ = {
			isa = XCBuildConfiguration;
			buildSettings = {
				CODE_SIGN_ENTITLEMENTS = "Events WatchKit Extension/Events WatchKit Extension.entitlements";
				CODE_SIGN_IDENTITY = "iPhone Developer";
				"CODE_SIGN_IDENTITY[sdk=iphoneos*]" = "iPhone Developer";
				GCC_PREPROCESSOR_DEFINITIONS = (
					"DEBUG=1",
					"$(inherited)",
				);
				INFOPLIST_FILE = "Events WatchKit Extension/Info.plist";
				LD_RUNPATH_SEARCH_PATHS = "$(inherited) @executable_path/Frameworks @executable_path/../../Frameworks";
				PRODUCT_NAME = "${TARGET_NAME}";
				PROVISIONING_PROFILE = "";
				SKIP_INSTALL = YES;
			};
			name = Debug;
		};
		FC117AF01AF584CC00B28C50 /* Release */ = {
			isa = XCBuildConfiguration;
			buildSettings = {
				CODE_SIGN_ENTITLEMENTS = "Events WatchKit Extension/Events WatchKit Extension.entitlements";
				CODE_SIGN_IDENTITY = "iPhone Developer";
				"CODE_SIGN_IDENTITY[sdk=iphoneos*]" = "iPhone Developer";
				INFOPLIST_FILE = "Events WatchKit Extension/Info.plist";
				LD_RUNPATH_SEARCH_PATHS = "$(inherited) @executable_path/Frameworks @executable_path/../../Frameworks";
				PRODUCT_NAME = "${TARGET_NAME}";
				PROVISIONING_PROFILE = "";
				SKIP_INSTALL = YES;
			};
			name = Release;
		};
		FCCAD6C71AF00CD400747332 /* Debug */ = {
			isa = XCBuildConfiguration;
			buildSettings = {
				ALWAYS_SEARCH_USER_PATHS = NO;
				APPLICATION_EXTENSION_API_ONLY = YES;
				CLANG_CXX_LANGUAGE_STANDARD = "gnu++0x";
				CLANG_CXX_LIBRARY = "libc++";
				CLANG_ENABLE_MODULES = YES;
				CLANG_ENABLE_OBJC_ARC = YES;
				CLANG_WARN_BOOL_CONVERSION = YES;
				CLANG_WARN_CONSTANT_CONVERSION = YES;
				CLANG_WARN_DIRECT_OBJC_ISA_USAGE = YES_ERROR;
				CLANG_WARN_EMPTY_BODY = YES;
				CLANG_WARN_ENUM_CONVERSION = YES;
				CLANG_WARN_INT_CONVERSION = YES;
				CLANG_WARN_OBJC_ROOT_CLASS = YES_ERROR;
				CLANG_WARN_UNREACHABLE_CODE = YES;
				CLANG_WARN__DUPLICATE_METHOD_MATCH = YES;
				"CODE_SIGN_IDENTITY[sdk=iphoneos*]" = "iPhone Developer";
				COPY_PHASE_STRIP = NO;
				ENABLE_STRICT_OBJC_MSGSEND = YES;
				GCC_C_LANGUAGE_STANDARD = gnu99;
				GCC_DYNAMIC_NO_PIC = NO;
				GCC_OPTIMIZATION_LEVEL = 0;
				GCC_PREPROCESSOR_DEFINITIONS = (
					"DEBUG=1",
					"$(inherited)",
				);
				GCC_SYMBOLS_PRIVATE_EXTERN = NO;
				GCC_WARN_64_TO_32_BIT_CONVERSION = YES;
				GCC_WARN_ABOUT_RETURN_TYPE = YES_ERROR;
				GCC_WARN_UNDECLARED_SELECTOR = YES;
				GCC_WARN_UNINITIALIZED_AUTOS = YES_AGGRESSIVE;
				GCC_WARN_UNUSED_FUNCTION = YES;
				GCC_WARN_UNUSED_VARIABLE = YES;
				IPHONEOS_DEPLOYMENT_TARGET = 8.2;
				MTL_ENABLE_DEBUG_INFO = YES;
				ONLY_ACTIVE_ARCH = YES;
				SDKROOT = iphoneos;
			};
			name = Debug;
		};
		FCCAD6C81AF00CD400747332 /* Release */ = {
			isa = XCBuildConfiguration;
			buildSettings = {
				ALWAYS_SEARCH_USER_PATHS = NO;
				APPLICATION_EXTENSION_API_ONLY = YES;
				CLANG_CXX_LANGUAGE_STANDARD = "gnu++0x";
				CLANG_CXX_LIBRARY = "libc++";
				CLANG_ENABLE_MODULES = YES;
				CLANG_ENABLE_OBJC_ARC = YES;
				CLANG_WARN_BOOL_CONVERSION = YES;
				CLANG_WARN_CONSTANT_CONVERSION = YES;
				CLANG_WARN_DIRECT_OBJC_ISA_USAGE = YES_ERROR;
				CLANG_WARN_EMPTY_BODY = YES;
				CLANG_WARN_ENUM_CONVERSION = YES;
				CLANG_WARN_INT_CONVERSION = YES;
				CLANG_WARN_OBJC_ROOT_CLASS = YES_ERROR;
				CLANG_WARN_UNREACHABLE_CODE = YES;
				CLANG_WARN__DUPLICATE_METHOD_MATCH = YES;
				"CODE_SIGN_IDENTITY[sdk=iphoneos*]" = "iPhone Developer";
				COPY_PHASE_STRIP = NO;
				ENABLE_NS_ASSERTIONS = NO;
				ENABLE_STRICT_OBJC_MSGSEND = YES;
				GCC_C_LANGUAGE_STANDARD = gnu99;
				GCC_WARN_64_TO_32_BIT_CONVERSION = YES;
				GCC_WARN_ABOUT_RETURN_TYPE = YES_ERROR;
				GCC_WARN_UNDECLARED_SELECTOR = YES;
				GCC_WARN_UNINITIALIZED_AUTOS = YES_AGGRESSIVE;
				GCC_WARN_UNUSED_FUNCTION = YES;
				GCC_WARN_UNUSED_VARIABLE = YES;
				IPHONEOS_DEPLOYMENT_TARGET = 8.2;
				MTL_ENABLE_DEBUG_INFO = NO;
				SDKROOT = iphoneos;
				VALIDATE_PRODUCT = YES;
			};
			name = Release;
		};
		FCCAD6CA1AF00CD400747332 /* Debug */ = {
			isa = XCBuildConfiguration;
			buildSettings = {
				APPLICATION_EXTENSION_API_ONLY = NO;
				ASSETCATALOG_COMPILER_APPICON_NAME = AppIcon;
				CODE_SIGN_ENTITLEMENTS = Events/Events.entitlements;
				CODE_SIGN_IDENTITY = "iPhone Developer";
				"CODE_SIGN_IDENTITY[sdk=iphoneos*]" = "iPhone Developer";
				FRAMEWORK_SEARCH_PATHS = (
					"$(inherited)",
					"$(USER_LIBRARY_DIR)/Developer/Xcode/DerivedData/EventsFramework-faupdcpbptillnacxajlqpxcbihp/Build/Products/Debug-iphonesimulator",
				);
				GCC_PRECOMPILE_PREFIX_HEADER = YES;
				GCC_PREFIX_HEADER = "$(SRCROOT)/Events/Events-Prefix.pch";
				INFOPLIST_FILE = Events/Info.plist;
				LD_RUNPATH_SEARCH_PATHS = "$(inherited) @executable_path/Frameworks";
				PRODUCT_NAME = "$(TARGET_NAME)";
				PROVISIONING_PROFILE = "";
			};
			name = Debug;
		};
		FCCAD6CB1AF00CD400747332 /* Release */ = {
			isa = XCBuildConfiguration;
			buildSettings = {
				APPLICATION_EXTENSION_API_ONLY = NO;
				ASSETCATALOG_COMPILER_APPICON_NAME = AppIcon;
				CODE_SIGN_ENTITLEMENTS = Events/Events.entitlements;
				CODE_SIGN_IDENTITY = "iPhone Developer";
				"CODE_SIGN_IDENTITY[sdk=iphoneos*]" = "iPhone Developer";
				FRAMEWORK_SEARCH_PATHS = (
					"$(inherited)",
					"$(USER_LIBRARY_DIR)/Developer/Xcode/DerivedData/EventsFramework-faupdcpbptillnacxajlqpxcbihp/Build/Products/Debug-iphonesimulator",
				);
				GCC_PRECOMPILE_PREFIX_HEADER = YES;
				GCC_PREFIX_HEADER = "$(SRCROOT)/Events/Events-Prefix.pch";
				INFOPLIST_FILE = Events/Info.plist;
				LD_RUNPATH_SEARCH_PATHS = "$(inherited) @executable_path/Frameworks";
				PRODUCT_NAME = "$(TARGET_NAME)";
				PROVISIONING_PROFILE = "";
			};
			name = Release;
		};
		FCCAD6CD1AF00CD400747332 /* Debug */ = {
			isa = XCBuildConfiguration;
			buildSettings = {
				BUNDLE_LOADER = "$(TEST_HOST)";
				FRAMEWORK_SEARCH_PATHS = (
					"$(SDKROOT)/Developer/Library/Frameworks",
					"$(inherited)",
				);
				GCC_PREPROCESSOR_DEFINITIONS = (
					"DEBUG=1",
					"$(inherited)",
				);
				INFOPLIST_FILE = EventsTests/Info.plist;
				LD_RUNPATH_SEARCH_PATHS = "$(inherited) @executable_path/Frameworks @loader_path/Frameworks";
				PRODUCT_NAME = "$(TARGET_NAME)";
				TEST_HOST = "$(BUILT_PRODUCTS_DIR)/Events.app/Events";
			};
			name = Debug;
		};
		FCCAD6CE1AF00CD400747332 /* Release */ = {
			isa = XCBuildConfiguration;
			buildSettings = {
				BUNDLE_LOADER = "$(TEST_HOST)";
				FRAMEWORK_SEARCH_PATHS = (
					"$(SDKROOT)/Developer/Library/Frameworks",
					"$(inherited)",
				);
				INFOPLIST_FILE = EventsTests/Info.plist;
				LD_RUNPATH_SEARCH_PATHS = "$(inherited) @executable_path/Frameworks @loader_path/Frameworks";
				PRODUCT_NAME = "$(TARGET_NAME)";
				TEST_HOST = "$(BUILT_PRODUCTS_DIR)/Events.app/Events";
			};
			name = Release;
		};
/* End XCBuildConfiguration section */

/* Begin XCConfigurationList section */
		FC117AEB1AF584CC00B28C50 /* Build configuration list for PBXNativeTarget "Events WatchKit App" */ = {
			isa = XCConfigurationList;
			buildConfigurations = (
				FC117AEC1AF584CC00B28C50 /* Debug */,
				FC117AED1AF584CC00B28C50 /* Release */,
			);
			defaultConfigurationIsVisible = 0;
			defaultConfigurationName = Release;
		};
		FC117AEE1AF584CC00B28C50 /* Build configuration list for PBXNativeTarget "Events WatchKit Extension" */ = {
			isa = XCConfigurationList;
			buildConfigurations = (
				FC117AEF1AF584CC00B28C50 /* Debug */,
				FC117AF01AF584CC00B28C50 /* Release */,
			);
			defaultConfigurationIsVisible = 0;
			defaultConfigurationName = Release;
		};
		FCCAD6A11AF00CD300747332 /* Build configuration list for PBXProject "Events" */ = {
			isa = XCConfigurationList;
			buildConfigurations = (
				FCCAD6C71AF00CD400747332 /* Debug */,
				FCCAD6C81AF00CD400747332 /* Release */,
			);
			defaultConfigurationIsVisible = 0;
			defaultConfigurationName = Release;
		};
		FCCAD6C91AF00CD400747332 /* Build configuration list for PBXNativeTarget "Events" */ = {
			isa = XCConfigurationList;
			buildConfigurations = (
				FCCAD6CA1AF00CD400747332 /* Debug */,
				FCCAD6CB1AF00CD400747332 /* Release */,
			);
			defaultConfigurationIsVisible = 0;
			defaultConfigurationName = Release;
		};
		FCCAD6CC1AF00CD400747332 /* Build configuration list for PBXNativeTarget "EventsTests" */ = {
			isa = XCConfigurationList;
			buildConfigurations = (
				FCCAD6CD1AF00CD400747332 /* Debug */,
				FCCAD6CE1AF00CD400747332 /* Release */,
			);
			defaultConfigurationIsVisible = 0;
			defaultConfigurationName = Release;
		};
/* End XCConfigurationList section */
	};
	rootObject = FCCAD69E1AF00CD300747332 /* Project object */;
}
